
Microsoft Visual Studio Solution File, Format Version 12.00
# Visual Studio Version 17
VisualStudioVersion = 17.8.34525.116
MinimumVisualStudioVersion = 10.0.40219.1
Project("{9A19103F-16F7-4668-BE54-9A1E7A4F7556}") = "LibraryConsoleApp", "LibraryConsoleApp\LibraryConsoleApp.csproj", "{20B43E96-418A-477F-B98C-457C7F21DB44}"
EndProject
Project("{9A19103F-16F7-4668-BE54-9A1E7A4F7556}") = "DataAccess", "DataAccess\DataAccess.csproj", "{1D0162FA-3B58-4753-BB06-E5A59FBEDDEC}"
EndProject
Project("{9A19103F-16F7-4668-BE54-9A1E7A4F7556}") = "LibraryAPI", "LibraryAPI\LibraryAPI.csproj", "{F49F6D6B-4F5F-4F18-8420-4F6F8FE0E509}"
EndProject
Project("{9A19103F-16F7-4668-BE54-9A1E7A4F7556}") = "LibraryWeb", "LibraryWeb\LibraryWeb.csproj", "{91B624B2-3191-4950-AAA6-2CD358578315}"
EndProject
Global
	GlobalSection(SolutionConfigurationPlatforms) = preSolution
		Debug|Any CPU = Debug|Any CPU
		Release|Any CPU = Release|Any CPU
	EndGlobalSection
	GlobalSection(ProjectConfigurationPlatforms) = postSolution
		{20B43E96-418A-477F-B98C-457C7F21DB44}.Debug|Any CPU.ActiveCfg = Debug|Any CPU
		{20B43E96-418A-477F-B98C-457C7F21DB44}.Debug|Any CPU.Build.0 = Debug|Any CPU
		{20B43E96-418A-477F-B98C-457C7F21DB44}.Release|Any CPU.ActiveCfg = Release|Any CPU
		{20B43E96-418A-477F-B98C-457C7F21DB44}.Release|Any CPU.Build.0 = Release|Any CPU
		{1D0162FA-3B58-4753-BB06-E5A59FBEDDEC}.Debug|Any CPU.ActiveCfg = Debug|Any CPU
		{1D0162FA-3B58-4753-BB06-E5A59FBEDDEC}.Debug|Any CPU.Build.0 = Debug|Any CPU
		{1D0162FA-3B58-4753-BB06-E5A59FBEDDEC}.Release|Any CPU.ActiveCfg = Release|Any CPU
		{1D0162FA-3B58-4753-BB06-E5A59FBEDDEC}.Release|Any CPU.Build.0 = Release|Any CPU
		{F49F6D6B-4F5F-4F18-8420-4F6F8FE0E509}.Debug|Any CPU.ActiveCfg = Debug|Any CPU
		{F49F6D6B-4F5F-4F18-8420-4F6F8FE0E509}.Debug|Any CPU.Build.0 = Debug|Any CPU
		{F49F6D6B-4F5F-4F18-8420-4F6F8FE0E509}.Release|Any CPU.ActiveCfg = Release|Any CPU
		{F49F6D6B-4F5F-4F18-8420-4F6F8FE0E509}.Release|Any CPU.Build.0 = Release|Any CPU
		{91B624B2-3191-4950-AAA6-2CD358578315}.Debug|Any CPU.ActiveCfg = Debug|Any CPU
		{91B624B2-3191-4950-AAA6-2CD358578315}.Debug|Any CPU.Build.0 = Debug|Any CPU
		{91B624B2-3191-4950-AAA6-2CD358578315}.Release|Any CPU.ActiveCfg = Release|Any CPU
		{91B624B2-3191-4950-AAA6-2CD358578315}.Release|Any CPU.Build.0 = Release|Any CPU
	EndGlobalSection
	GlobalSection(SolutionProperties) = preSolution
		HideSolutionNode = FALSE
	EndGlobalSection
	GlobalSection(ExtensibilityGlobals) = postSolution
		SolutionGuid = {F057ABF1-8F80-41BF-8B5C-F170D836C05F}
	EndGlobalSection
EndGlobal
